
Microsoft Visual Studio Solution File, Format Version 12.00
# Visual Studio 14
VisualStudioVersion = 14.0.24720.0
MinimumVisualStudioVersion = 10.0.40219.1
Project("{FAE04EC0-301F-11D3-BF4B-00C04F79EFBC}") = "HelloWorld", "CS6_Scratch\HelloWorld.csproj", "{1D8E17AE-7416-475A-BF7E-07455E574DDB}"
EndProject
Project("{FAE04EC0-301F-11D3-BF4B-00C04F79EFBC}") = "NewVariable", "NewVariable\NewVariable.csproj", "{62DDB2AA-EEB0-4085-A43D-E035E8132935}"
EndProject
Project("{FAE04EC0-301F-11D3-BF4B-00C04F79EFBC}") = "ifDemo", "ifDemo\ifDemo.csproj", "{744EED59-21CE-4863-806A-B6B9161F065D}"
EndProject
Project("{FAE04EC0-301F-11D3-BF4B-00C04F79EFBC}") = "foolLoopDemo", "foolLoopDemo\foolLoopDemo.csproj", "{44562166-BC09-4C84-A4AD-10414BCE02FD}"
EndProject
Project("{FAE04EC0-301F-11D3-BF4B-00C04F79EFBC}") = "whileDemo", "whileDemo\whileDemo.csproj", "{0CB1D07C-C8D1-4C84-B15D-1996575EFB84}"
EndProject
Project("{FAE04EC0-301F-11D3-BF4B-00C04F79EFBC}") = "constantDemo", "constantDemo\constantDemo.csproj", "{6B252F23-7A68-43E1-823B-38871F74CF01}"
EndProject
Project("{FAE04EC0-301F-11D3-BF4B-00C04F79EFBC}") = "switchDemo", "switchDemo\switchDemo.csproj", "{BB59FB1C-FA48-453B-886B-5ADDBEAABE08}"
EndProject
Project("{FAE04EC0-301F-11D3-BF4B-00C04F79EFBC}") = "ClassesDemo", "ClassesDemo\ClassesDemo.csproj", "{57700A0F-5F05-418F-8ECE-AC5EC9AD62A9}"
EndProject
Project("{FAE04EC0-301F-11D3-BF4B-00C04F79EFBC}") = "Constructors", "Constructors\Constructors.csproj", "{4ED9FB14-3B9C-4532-8D8A-2AB1ED8026BB}"
EndProject
Project("{FAE04EC0-301F-11D3-BF4B-00C04F79EFBC}") = "StaticDemo", "StaticDemo\StaticDemo.csproj", "{4B1C576D-A5F3-4327-82DD-2C4000585715}"
EndProject
Project("{FAE04EC0-301F-11D3-BF4B-00C04F79EFBC}") = "InheritanceDemo", "InheritanceDemo\InheritanceDemo.csproj", "{D1B15DE0-7640-4024-8EF8-6A92706B96EF}"
EndProject
Project("{FAE04EC0-301F-11D3-BF4B-00C04F79EFBC}") = "TryCatch", "TryCatch\TryCatch.csproj", "{1F27D337-F60C-4C46-A174-2CA2D27270A6}"
EndProject
Project("{FAE04EC0-301F-11D3-BF4B-00C04F79EFBC}") = "ArrayDemo", "ArrayDemo\ArrayDemo.csproj", "{51C537F2-B560-4123-9A30-0E2E2CE3F23B}"
EndProject
Project("{FAE04EC0-301F-11D3-BF4B-00C04F79EFBC}") = "ListDemo", "ListDemo\ListDemo.csproj", "{588D18F7-0C9D-4355-BD2E-AB290BCDF895}"
EndProject
Project("{FAE04EC0-301F-11D3-BF4B-00C04F79EFBC}") = "Interfaces", "Interfaces\Interfaces.csproj", "{E3D9E461-41BC-4FA1-A7A8-F56272D08073}"
EndProject
Project("{FAE04EC0-301F-11D3-BF4B-00C04F79EFBC}") = "AbstractClasses", "AbstractClasses\AbstractClasses.csproj", "{4780BA2B-C7CA-45D9-9146-4E90DBEF406A}"
EndProject
Global
	GlobalSection(SolutionConfigurationPlatforms) = preSolution
		Debug|Any CPU = Debug|Any CPU
		Release|Any CPU = Release|Any CPU
	EndGlobalSection
	GlobalSection(ProjectConfigurationPlatforms) = postSolution
		{1D8E17AE-7416-475A-BF7E-07455E574DDB}.Debug|Any CPU.ActiveCfg = Debug|Any CPU
		{1D8E17AE-7416-475A-BF7E-07455E574DDB}.Debug|Any CPU.Build.0 = Debug|Any CPU
		{1D8E17AE-7416-475A-BF7E-07455E574DDB}.Release|Any CPU.ActiveCfg = Release|Any CPU
		{1D8E17AE-7416-475A-BF7E-07455E574DDB}.Release|Any CPU.Build.0 = Release|Any CPU
		{62DDB2AA-EEB0-4085-A43D-E035E8132935}.Debug|Any CPU.ActiveCfg = Debug|Any CPU
		{62DDB2AA-EEB0-4085-A43D-E035E8132935}.Debug|Any CPU.Build.0 = Debug|Any CPU
		{62DDB2AA-EEB0-4085-A43D-E035E8132935}.Release|Any CPU.ActiveCfg = Release|Any CPU
		{62DDB2AA-EEB0-4085-A43D-E035E8132935}.Release|Any CPU.Build.0 = Release|Any CPU
		{744EED59-21CE-4863-806A-B6B9161F065D}.Debug|Any CPU.ActiveCfg = Debug|Any CPU
		{744EED59-21CE-4863-806A-B6B9161F065D}.Debug|Any CPU.Build.0 = Debug|Any CPU
		{744EED59-21CE-4863-806A-B6B9161F065D}.Release|Any CPU.ActiveCfg = Release|Any CPU
		{744EED59-21CE-4863-806A-B6B9161F065D}.Release|Any CPU.Build.0 = Release|Any CPU
		{44562166-BC09-4C84-A4AD-10414BCE02FD}.Debug|Any CPU.ActiveCfg = Debug|Any CPU
		{44562166-BC09-4C84-A4AD-10414BCE02FD}.Debug|Any CPU.Build.0 = Debug|Any CPU
		{44562166-BC09-4C84-A4AD-10414BCE02FD}.Release|Any CPU.ActiveCfg = Release|Any CPU
		{44562166-BC09-4C84-A4AD-10414BCE02FD}.Release|Any CPU.Build.0 = Release|Any CPU
		{0CB1D07C-C8D1-4C84-B15D-1996575EFB84}.Debug|Any CPU.ActiveCfg = Debug|Any CPU
		{0CB1D07C-C8D1-4C84-B15D-1996575EFB84}.Debug|Any CPU.Build.0 = Debug|Any CPU
		{0CB1D07C-C8D1-4C84-B15D-1996575EFB84}.Release|Any CPU.ActiveCfg = Release|Any CPU
		{0CB1D07C-C8D1-4C84-B15D-1996575EFB84}.Release|Any CPU.Build.0 = Release|Any CPU
		{6B252F23-7A68-43E1-823B-38871F74CF01}.Debug|Any CPU.ActiveCfg = Debug|Any CPU
		{6B252F23-7A68-43E1-823B-38871F74CF01}.Debug|Any CPU.Build.0 = Debug|Any CPU
		{6B252F23-7A68-43E1-823B-38871F74CF01}.Release|Any CPU.ActiveCfg = Release|Any CPU
		{6B252F23-7A68-43E1-823B-38871F74CF01}.Release|Any CPU.Build.0 = Release|Any CPU
		{BB59FB1C-FA48-453B-886B-5ADDBEAABE08}.Debug|Any CPU.ActiveCfg = Debug|Any CPU
		{BB59FB1C-FA48-453B-886B-5ADDBEAABE08}.Debug|Any CPU.Build.0 = Debug|Any CPU
		{BB59FB1C-FA48-453B-886B-5ADDBEAABE08}.Release|Any CPU.ActiveCfg = Release|Any CPU
		{BB59FB1C-FA48-453B-886B-5ADDBEAABE08}.Release|Any CPU.Build.0 = Release|Any CPU
		{57700A0F-5F05-418F-8ECE-AC5EC9AD62A9}.Debug|Any CPU.ActiveCfg = Debug|Any CPU
		{57700A0F-5F05-418F-8ECE-AC5EC9AD62A9}.Debug|Any CPU.Build.0 = Debug|Any CPU
		{57700A0F-5F05-418F-8ECE-AC5EC9AD62A9}.Release|Any CPU.ActiveCfg = Release|Any CPU
		{57700A0F-5F05-418F-8ECE-AC5EC9AD62A9}.Release|Any CPU.Build.0 = Release|Any CPU
		{4ED9FB14-3B9C-4532-8D8A-2AB1ED8026BB}.Debug|Any CPU.ActiveCfg = Debug|Any CPU
		{4ED9FB14-3B9C-4532-8D8A-2AB1ED8026BB}.Debug|Any CPU.Build.0 = Debug|Any CPU
		{4ED9FB14-3B9C-4532-8D8A-2AB1ED8026BB}.Release|Any CPU.ActiveCfg = Release|Any CPU
		{4ED9FB14-3B9C-4532-8D8A-2AB1ED8026BB}.Release|Any CPU.Build.0 = Release|Any CPU
		{4B1C576D-A5F3-4327-82DD-2C4000585715}.Debug|Any CPU.ActiveCfg = Debug|Any CPU
		{4B1C576D-A5F3-4327-82DD-2C4000585715}.Debug|Any CPU.Build.0 = Debug|Any CPU
		{4B1C576D-A5F3-4327-82DD-2C4000585715}.Release|Any CPU.ActiveCfg = Release|Any CPU
		{4B1C576D-A5F3-4327-82DD-2C4000585715}.Release|Any CPU.Build.0 = Release|Any CPU
		{D1B15DE0-7640-4024-8EF8-6A92706B96EF}.Debug|Any CPU.ActiveCfg = Debug|Any CPU
		{D1B15DE0-7640-4024-8EF8-6A92706B96EF}.Debug|Any CPU.Build.0 = Debug|Any CPU
		{D1B15DE0-7640-4024-8EF8-6A92706B96EF}.Release|Any CPU.ActiveCfg = Release|Any CPU
		{D1B15DE0-7640-4024-8EF8-6A92706B96EF}.Release|Any CPU.Build.0 = Release|Any CPU
		{1F27D337-F60C-4C46-A174-2CA2D27270A6}.Debug|Any CPU.ActiveCfg = Debug|Any CPU
		{1F27D337-F60C-4C46-A174-2CA2D27270A6}.Debug|Any CPU.Build.0 = Debug|Any CPU
		{1F27D337-F60C-4C46-A174-2CA2D27270A6}.Release|Any CPU.ActiveCfg = Release|Any CPU
		{1F27D337-F60C-4C46-A174-2CA2D27270A6}.Release|Any CPU.Build.0 = Release|Any CPU
		{51C537F2-B560-4123-9A30-0E2E2CE3F23B}.Debug|Any CPU.ActiveCfg = Debug|Any CPU
		{51C537F2-B560-4123-9A30-0E2E2CE3F23B}.Debug|Any CPU.Build.0 = Debug|Any CPU
		{51C537F2-B560-4123-9A30-0E2E2CE3F23B}.Release|Any CPU.ActiveCfg = Release|Any CPU
		{51C537F2-B560-4123-9A30-0E2E2CE3F23B}.Release|Any CPU.Build.0 = Release|Any CPU
		{588D18F7-0C9D-4355-BD2E-AB290BCDF895}.Debug|Any CPU.ActiveCfg = Debug|Any CPU
		{588D18F7-0C9D-4355-BD2E-AB290BCDF895}.Debug|Any CPU.Build.0 = Debug|Any CPU
		{588D18F7-0C9D-4355-BD2E-AB290BCDF895}.Release|Any CPU.ActiveCfg = Release|Any CPU
		{588D18F7-0C9D-4355-BD2E-AB290BCDF895}.Release|Any CPU.Build.0 = Release|Any CPU
		{E3D9E461-41BC-4FA1-A7A8-F56272D08073}.Debug|Any CPU.ActiveCfg = Debug|Any CPU
		{E3D9E461-41BC-4FA1-A7A8-F56272D08073}.Debug|Any CPU.Build.0 = Debug|Any CPU
		{E3D9E461-41BC-4FA1-A7A8-F56272D08073}.Release|Any CPU.ActiveCfg = Release|Any CPU
		{E3D9E461-41BC-4FA1-A7A8-F56272D08073}.Release|Any CPU.Build.0 = Release|Any CPU
		{4780BA2B-C7CA-45D9-9146-4E90DBEF406A}.Debug|Any CPU.ActiveCfg = Debug|Any CPU
		{4780BA2B-C7CA-45D9-9146-4E90DBEF406A}.Debug|Any CPU.Build.0 = Debug|Any CPU
		{4780BA2B-C7CA-45D9-9146-4E90DBEF406A}.Release|Any CPU.ActiveCfg = Release|Any CPU
		{4780BA2B-C7CA-45D9-9146-4E90DBEF406A}.Release|Any CPU.Build.0 = Release|Any CPU
	EndGlobalSection
	GlobalSection(SolutionProperties) = preSolution
		HideSolutionNode = FALSE
	EndGlobalSection
EndGlobal
